// !$*UTF8*$!
{
	archiveVersion = 1;
	classes = {
	};
	objectVersion = 50;
	objects = {

/* Begin PBXBuildFile section */
		DABD8C28209833470043F38C /* AppDelegate.swift in Sources */ = {isa = PBXBuildFile; fileRef = DABD8C27209833470043F38C /* AppDelegate.swift */; };
		DABD8C2A209833470043F38C /* ViewController.swift in Sources */ = {isa = PBXBuildFile; fileRef = DABD8C29209833470043F38C /* ViewController.swift */; };
		DABD8C2D209833470043F38C /* Main.storyboard in Resources */ = {isa = PBXBuildFile; fileRef = DABD8C2B209833470043F38C /* Main.storyboard */; };
		DABD8C2F209833470043F38C /* Assets.xcassets in Resources */ = {isa = PBXBuildFile; fileRef = DABD8C2E209833470043F38C /* Assets.xcassets */; };
		DABD8C32209833470043F38C /* LaunchScreen.storyboard in Resources */ = {isa = PBXBuildFile; fileRef = DABD8C30209833470043F38C /* LaunchScreen.storyboard */; };
		DABD8C3A209834660043F38C /* ColorViewController.swift in Sources */ = {isa = PBXBuildFile; fileRef = DABD8C39209834660043F38C /* ColorViewController.swift */; };
		DABD8C3C209846430043F38C /* ColorViewController1.swift in Sources */ = {isa = PBXBuildFile; fileRef = DABD8C3B209846430043F38C /* ColorViewController1.swift */; };
/* End PBXBuildFile section */

/* Begin PBXFileReference section */
		DABD8C24209833470043F38C /* dispColor_cse.app */ = {isa = PBXFileReference; explicitFileType = wrapper.application; includeInIndex = 0; path = dispColor_cse.app; sourceTree = BUILT_PRODUCTS_DIR; };
		DABD8C27209833470043F38C /* AppDelegate.swift */ = {isa = PBXFileReference; lastKnownFileType = sourcecode.swift; path = AppDelegate.swift; sourceTree = "<group>"; };
		DABD8C29209833470043F38C /* ViewController.swift */ = {isa = PBXFileReference; lastKnownFileType = sourcecode.swift; path = ViewController.swift; sourceTree = "<group>"; };
		DABD8C2C209833470043F38C /* Base */ = {isa = PBXFileReference; lastKnownFileType = file.storyboard; name = Base; path = Base.lproj/Main.storyboard; sourceTree = "<group>"; };
		DABD8C2E209833470043F38C /* Assets.xcassets */ = {isa = PBXFileReference; lastKnownFileType = folder.assetcatalog; path = Assets.xcassets; sourceTree = "<group>"; };
		DABD8C31209833470043F38C /* Base */ = {isa = PBXFileReference; lastKnownFileType = file.storyboard; name = Base; path = Base.lproj/LaunchScreen.storyboard; sourceTree = "<group>"; };
		DABD8C33209833470043F38C /* Info.plist */ = {isa = PBXFileReference; lastKnownFileType = text.plist.xml; path = Info.plist; sourceTree = "<group>"; };
		DABD8C39209834660043F38C /* ColorViewController.swift */ = {isa = PBXFileReference; lastKnownFileType = sourcecode.swift; path = ColorViewController.swift; sourceTree = "<group>"; };
		DABD8C3B209846430043F38C /* ColorViewController1.swift */ = {isa = PBXFileReference; lastKnownFileType = sourcecode.swift; path = ColorViewController1.swift; sourceTree = "<group>"; };
/* End PBXFileReference section */

/* Begin PBXFrameworksBuildPhase section */
		DABD8C21209833470043F38C /* Frameworks */ = {
			isa = PBXFrameworksBuildPhase;
			buildActionMask = 2147483647;
			files = (
			);
			runOnlyForDeploymentPostprocessing = 0;
		};
/* End PBXFrameworksBuildPhase section */

/* Begin PBXGroup section */
		DABD8C1B209833470043F38C = {
			isa = PBXGroup;
			children = (
				DABD8C26209833470043F38C /* dispColor_cse */,
				DABD8C25209833470043F38C /* Products */,
			);
			sourceTree = "<group>";
		};
		DABD8C25209833470043F38C /* Products */ = {
			isa = PBXGroup;
			children = (
				DABD8C24209833470043F38C /* dispColor_cse.app */,
			);
			name = Products;
			sourceTree = "<group>";
		};
		DABD8C26209833470043F38C /* dispColor_cse */ = {
			isa = PBXGroup;
			children = (
				DABD8C27209833470043F38C /* AppDelegate.swift */,
				DABD8C29209833470043F38C /* ViewController.swift */,
				DABD8C39209834660043F38C /* ColorViewController.swift */,
				DABD8C3B209846430043F38C /* ColorViewController1.swift */,
				DABD8C2B209833470043F38C /* Main.storyboard */,
				DABD8C2E209833470043F38C /* Assets.xcassets */,
				DABD8C30209833470043F38C /* LaunchScreen.storyboard */,
				DABD8C33209833470043F38C /* Info.plist */,
			);
			path = dispColor_cse;
			sourceTree = "<group>";
		};
/* End PBXGroup section */

/* Begin PBXNativeTarget section */
		DABD8C23209833470043F38C /* dispColor_cse */ = {
			isa = PBXNativeTarget;
			buildConfigurationList = DABD8C36209833470043F38C /* Build configuration list for PBXNativeTarget "dispColor_cse" */;
			buildPhases = (
				DABD8C20209833470043F38C /* Sources */,
				DABD8C21209833470043F38C /* Frameworks */,
				DABD8C22209833470043F38C /* Resources */,
			);
			buildRules = (
			);
			dependencies = (
			);
			name = dispColor_cse;
			productName = dispColor_cse;
			productReference = DABD8C24209833470043F38C /* dispColor_cse.app */;
			productType = "com.apple.product-type.application";
		};
/* End PBXNativeTarget section */

/* Begin PBXProject section */
		DABD8C1C209833470043F38C /* Project object */ = {
			isa = PBXProject;
			attributes = {
				LastSwiftUpdateCheck = 0930;
				LastUpgradeCheck = 0930;
				ORGANIZATIONNAME = cse;
				TargetAttributes = {
					DABD8C23209833470043F38C = {
						CreatedOnToolsVersion = 9.3;
					};
				};
			};
			buildConfigurationList = DABD8C1F209833470043F38C /* Build configuration list for PBXProject "dispColor_cse" */;
			compatibilityVersion = "Xcode 9.3";
			developmentRegion = en;
			hasScannedForEncodings = 0;
			knownRegions = (
				en,
				Base,
			);
			mainGroup = DABD8C1B209833470043F38C;
			productRefGroup = DABD8C25209833470043F38C /* Products */;
			projectDirPath = "";
			projectRoot = "";
			targets = (
				DABD8C23209833470043F38C /* dispColor_cse */,
			);
		};
/* End PBXProject section */

/* Begin PBXResourcesBuildPhase section */
		DABD8C22209833470043F38C /* Resources */ = {
			isa = PBXResourcesBuildPhase;
			buildActionMask = 2147483647;
			files = (
				DABD8C32209833470043F38C /* LaunchScreen.storyboard in Resources */,
				DABD8C2F209833470043F38C /* Assets.xcassets in Resources */,
				DABD8C2D209833470043F38C /* Main.storyboard in Resources */,
			);
			runOnlyForDeploymentPostprocessing = 0;
		};
/* End PBXResourcesBuildPhase section */

/* Begin PBXSourcesBuildPhase section */
		DABD8C20209833470043F38C /* Sources */ = {
			isa = PBXSourcesBuildPhase;
			buildActionMask = 2147483647;
			files = (
				DABD8C3C209846430043F38C /* ColorViewController1.swift in Sources */,
				DABD8C2A209833470043F38C /* ViewController.swift in Sources */,
				DABD8C3A209834660043F38C /* ColorViewController.swift in Sources */,
				DABD8C28209833470043F38C /* AppDelegate.swift in Sources */,
			);
			runOnlyForDeploymentPostprocessing = 0;
		};
/* End PBXSourcesBuildPhase section */

/* Begin PBXVariantGroup section */
		DABD8C2B209833470043F38C /* Main.storyboard */ = {
			isa = PBXVariantGroup;
			children = (
				DABD8C2C209833470043F38C /* Base */,
			);
			name = Main.storyboard;
			sourceTree = "<group>";
		};
		DABD8C30209833470043F38C /* LaunchScreen.storyboard */ = {
			isa = PBXVariantGroup;
			children = (
				DABD8C31209833470043F38C /* Base */,
			);
			name = LaunchScreen.storyboard;
			sourceTree = "<group>";
		};
/* End PBXVariantGroup section */

/* Begin XCBuildConfiguration section */
		DABD8C34209833470043F38C /* Debug */ = {
			isa = XCBuildConfiguration;
			buildSettings = {
				ALWAYS_SEARCH_USER_PATHS = NO;
				CLANG_ANALYZER_NONNULL = YES;
				CLANG_ANALYZER_NUMBER_OBJECT_CONVERSION = YES_AGGRESSIVE;
				CLANG_CXX_LANGUAGE_STANDARD = "gnu++14";
				CLANG_CXX_LIBRARY = "libc++";
				CLANG_ENABLE_MODULES = YES;
				CLANG_ENABLE_OBJC_ARC = YES;
				CLANG_ENABLE_OBJC_WEAK = YES;
				CLANG_WARN_BLOCK_CAPTURE_AUTORELEASING = YES;
				CLANG_WARN_BOOL_CONVERSION = YES;
				CLANG_WARN_COMMA = YES;
				CLANG_WARN_CONSTANT_CONVERSION = YES;
				CLANG_WARN_DEPRECATED_OBJC_IMPLEMENTATIONS = YES;
				CLANG_WARN_DIRECT_OBJC_ISA_USAGE = YES_ERROR;
				CLANG_WARN_DOCUMENTATION_COMMENTS = YES;
				CLANG_WARN_EMPTY_BODY = YES;
				CLANG_WARN_ENUM_CONVERSION = YES;
				CLANG_WARN_INFINITE_RECURSION = YES;
				CLANG_WARN_INT_CONVERSION = YES;
				CLANG_WARN_NON_LITERAL_NULL_CONVERSION = YES;
				CLANG_WARN_OBJC_IMPLICIT_RETAIN_SELF = YES;
				CLANG_WARN_OBJC_LITERAL_CONVERSION = YES;
				CLANG_WARN_OBJC_ROOT_CLASS = YES_ERROR;
				CLANG_WARN_RANGE_LOOP_ANALYSIS = YES;
				CLANG_WARN_STRICT_PROTOTYPES = YES;
				CLANG_WARN_SUSPICIOUS_MOVE = YES;
				CLANG_WARN_UNGUARDED_AVAILABILITY = YES_AGGRESSIVE;
				CLANG_WARN_UNREACHABLE_CODE = YES;
				CLANG_WARN__DUPLICATE_METHOD_MATCH = YES;
				CODE_SIGN_IDENTITY = "iPhone Developer";
				COPY_PHASE_STRIP = NO;
				DEBUG_INFORMATION_FORMAT = dwarf;
				ENABLE_STRICT_OBJC_MSGSEND = YES;
				ENABLE_TESTABILITY = YES;
				GCC_C_LANGUAGE_STANDARD = gnu11;
				GCC_DYNAMIC_NO_PIC = NO;
				GCC_NO_COMMON_BLOCKS = YES;
				GCC_OPTIMIZATION_LEVEL = 0;
				GCC_PREPROCESSOR_DEFINITIONS = (
					"DEBUG=1",
					"$(inherited)",
				);
				GCC_WARN_64_TO_32_BIT_CONVERSION = YES;
				GCC_WARN_ABOUT_RETURN_TYPE = YES_ERROR;
				GCC_WARN_UNDECLARED_SELECTOR = YES;
				GCC_WARN_UNINITIALIZED_AUTOS = YES_AGGRESSIVE;
				GCC_WARN_UNUSED_FUNCTION = YES;
				GCC_WARN_UNUSED_VARIABLE = YES;
				IPHONEOS_DEPLOYMENT_TARGET = 11.3;
				MTL_ENABLE_DEBUG_INFO = YES;
				ONLY_ACTIVE_ARCH = YES;
				SDKROOT = iphoneos;
				SWIFT_ACTIVE_COMPILATION_CONDITIONS = DEBUG;
				SWIFT_OPTIMIZATION_LEVEL = "-Onone";
			};
			name = Debug;
		};
		DABD8C35209833470043F38C /* Release */ = {
			isa = XCBuildConfiguration;
			buildSettings = {
				ALWAYS_SEARCH_USER_PATHS = NO;
				CLANG_ANALYZER_NONNULL = YES;
				CLANG_ANALYZER_NUMBER_OBJECT_CONVERSION = YES_AGGRESSIVE;
				CLANG_CXX_LANGUAGE_STANDARD = "gnu++14";
				CLANG_CXX_LIBRARY = "libc++";
				CLANG_ENABLE_MODULES = YES;
				CLANG_ENABLE_OBJC_ARC = YES;
				CLANG_ENABLE_OBJC_WEAK = YES;
				CLANG_WARN_BLOCK_CAPTURE_AUTORELEASING = YES;
				CLANG_WARN_BOOL_CONVERSION = YES;
				CLANG_WARN_COMMA = YES;
				CLANG_WARN_CONSTANT_CONVERSION = YES;
				CLANG_WARN_DEPRECATED_OBJC_IMPLEMENTATIONS = YES;
				CLANG_WARN_DIRECT_OBJC_ISA_USAGE = YES_ERROR;
				CLANG_WARN_DOCUMENTATION_COMMENTS = YES;
				CLANG_WARN_EMPTY_BODY = YES;
				CLANG_WARN_ENUM_CONVERSION = YES;
				CLANG_WARN_INFINITE_RECURSION = YES;
				CLANG_WARN_INT_CONVERSION = YES;
				CLANG_WARN_NON_LITERAL_NULL_CONVERSION = YES;
				CLANG_WARN_OBJC_IMPLICIT_RETAIN_SELF = YES;
				CLANG_WARN_OBJC_LITERAL_CONVERSION = YES;
				CLANG_WARN_OBJC_ROOT_CLASS = YES_ERROR;
				CLANG_WARN_RANGE_LOOP_ANALYSIS = YES;
				CLANG_WARN_STRICT_PROTOTYPES = YES;
				CLANG_WARN_SUSPICIOUS_MOVE = YES;
				CLANG_WARN_UNGUARDED_AVAILABILITY = YES_AGGRESSIVE;
				CLANG_WARN_UNREACHABLE_CODE = YES;
				CLANG_WARN__DUPLICATE_METHOD_MATCH = YES;
				CODE_SIGN_IDENTITY = "iPhone Developer";
				COPY_PHASE_STRIP = NO;
				DEBUG_INFORMATION_FORMAT = "dwarf-with-dsym";
				ENABLE_NS_ASSERTIONS = NO;
				ENABLE_STRICT_OBJC_MSGSEND = YES;
				GCC_C_LANGUAGE_STANDARD = gnu11;
				GCC_NO_COMMON_BLOCKS = YES;
				GCC_WARN_64_TO_32_BIT_CONVERSION = YES;
				GCC_WARN_ABOUT_RETURN_TYPE = YES_ERROR;
				GCC_WARN_UNDECLARED_SELECTOR = YES;
				GCC_WARN_UNINITIALIZED_AUTOS = YES_AGGRESSIVE;
				GCC_WARN_UNUSED_FUNCTION = YES;
				GCC_WARN_UNUSED_VARIABLE = YES;
				IPHONEOS_DEPLOYMENT_TARGET = 11.3;
				MTL_ENABLE_DEBUG_INFO = NO;
				SDKROOT = iphoneos;
				SWIFT_COMPILATION_MODE = wholemodule;
				SWIFT_OPTIMIZATION_LEVEL = "-O";
				VALIDATE_PRODUCT = YES;
			};
			name = Release;
		};
		DABD8C37209833470043F38C /* Debug */ = {
			isa = XCBuildConfiguration;
			buildSettings = {
				ASSETCATALOG_COMPILER_APPICON_NAME = AppIcon;
				CODE_SIGN_STYLE = Automatic;
				INFOPLIST_FILE = dispColor_cse/Info.plist;
				LD_RUNPATH_SEARCH_PATHS = (
					"$(inherited)",
					"@executable_path/Frameworks",
				);
				PRODUCT_BUNDLE_IDENTIFIER = "com.cse.dispColor-cse";
				PRODUCT_NAME = "$(TARGET_NAME)";
				SWIFT_VERSION = 4.0;
				TARGETED_DEVICE_FAMILY = "1,2";
			};
			name = Debug;
		};
		DABD8C38209833470043F38C /* Release */ = {
			isa = XCBuildConfiguration;
			buildSettings = {
				ASSETCATALOG_COMPILER_APPICON_NAME = AppIcon;
				CODE_SIGN_STYLE = Automatic;
				INFOPLIST_FILE = dispColor_cse/Info.plist;
				LD_RUNPATH_SEARCH_PATHS = (
					"$(inherited)",
					"@executable_path/Frameworks",
				);
				PRODUCT_BUNDLE_IDENTIFIER = "com.cse.dispColor-cse";
				PRODUCT_NAME = "$(TARGET_NAME)";
				SWIFT_VERSION = 4.0;
				TARGETED_DEVICE_FAMILY = "1,2";
			};
			name = Release;
		};
/* End XCBuildConfiguration section */

/* Begin XCConfigurationList section */
		DABD8C1F209833470043F38C /* Build configuration list for PBXProject "dispColor_cse" */ = {
			isa = XCConfigurationList;
			buildConfigurations = (
				DABD8C34209833470043F38C /* Debug */,
				DABD8C35209833470043F38C /* Release */,
			);
			defaultConfigurationIsVisible = 0;
			defaultConfigurationName = Release;
		};
		DABD8C36209833470043F38C /* Build configuration list for PBXNativeTarget "dispColor_cse" */ = {
			isa = XCConfigurationList;
			buildConfigurations = (
				DABD8C37209833470043F38C /* Debug */,
				DABD8C38209833470043F38C /* Release */,
			);
			defaultConfigurationIsVisible = 0;
			defaultConfigurationName = Release;
		};
/* End XCConfigurationList section */
	};
	rootObject = DABD8C1C209833470043F38C /* Project object */;
}
